
Microsoft Visual Studio Solution File, Format Version 12.00
# Visual Studio Version 17
VisualStudioVersion = 17.8.34112.27
MinimumVisualStudioVersion = 10.0.40219.1
Project("{9A19103F-16F7-4668-BE54-9A1E7A4F7556}") = "FoodyTekmerWebUI", "FoodyTekmerWebUI\FoodyTekmerWebUI.csproj", "{9AA9DF3A-7818-4B17-9D2E-9D3780830BD3}"
EndProject
Project("{9A19103F-16F7-4668-BE54-9A1E7A4F7556}") = "FoodyTekmerEntityLayer", "FoodyTekmerEntityLayer\FoodyTekmerEntityLayer.csproj", "{65660342-5DE6-40B1-BB7F-DBFE769FC8E9}"
EndProject
Project("{9A19103F-16F7-4668-BE54-9A1E7A4F7556}") = "FoodyTekmerDataAccessLayer", "FoodyTekmerDataAccessLayer\FoodyTekmerDataAccessLayer.csproj", "{C26D75BB-401A-49A8-A644-3447B3551C9C}"
EndProject
Project("{FAE04EC0-301F-11D3-BF4B-00C04F79EFBC}") = "FoodyTekmerBusinessLayer", "FoodyTekmerBusinessLayer\FoodyTekmerBusinessLayer.csproj", "{AAB30A3B-BEE9-4855-85C5-1D5644524573}"
EndProject
Global
	GlobalSection(SolutionConfigurationPlatforms) = preSolution
		Debug|Any CPU = Debug|Any CPU
		Release|Any CPU = Release|Any CPU
	EndGlobalSection
	GlobalSection(ProjectConfigurationPlatforms) = postSolution
		{9AA9DF3A-7818-4B17-9D2E-9D3780830BD3}.Debug|Any CPU.ActiveCfg = Debug|Any CPU
		{9AA9DF3A-7818-4B17-9D2E-9D3780830BD3}.Debug|Any CPU.Build.0 = Debug|Any CPU
		{9AA9DF3A-7818-4B17-9D2E-9D3780830BD3}.Release|Any CPU.ActiveCfg = Release|Any CPU
		{9AA9DF3A-7818-4B17-9D2E-9D3780830BD3}.Release|Any CPU.Build.0 = Release|Any CPU
		{65660342-5DE6-40B1-BB7F-DBFE769FC8E9}.Debug|Any CPU.ActiveCfg = Debug|Any CPU
		{65660342-5DE6-40B1-BB7F-DBFE769FC8E9}.Debug|Any CPU.Build.0 = Debug|Any CPU
		{65660342-5DE6-40B1-BB7F-DBFE769FC8E9}.Release|Any CPU.ActiveCfg = Release|Any CPU
		{65660342-5DE6-40B1-BB7F-DBFE769FC8E9}.Release|Any CPU.Build.0 = Release|Any CPU
		{C26D75BB-401A-49A8-A644-3447B3551C9C}.Debug|Any CPU.ActiveCfg = Debug|Any CPU
		{C26D75BB-401A-49A8-A644-3447B3551C9C}.Debug|Any CPU.Build.0 = Debug|Any CPU
		{C26D75BB-401A-49A8-A644-3447B3551C9C}.Release|Any CPU.ActiveCfg = Release|Any CPU
		{C26D75BB-401A-49A8-A644-3447B3551C9C}.Release|Any CPU.Build.0 = Release|Any CPU
		{AAB30A3B-BEE9-4855-85C5-1D5644524573}.Debug|Any CPU.ActiveCfg = Debug|Any CPU
		{AAB30A3B-BEE9-4855-85C5-1D5644524573}.Debug|Any CPU.Build.0 = Debug|Any CPU
		{AAB30A3B-BEE9-4855-85C5-1D5644524573}.Release|Any CPU.ActiveCfg = Release|Any CPU
		{AAB30A3B-BEE9-4855-85C5-1D5644524573}.Release|Any CPU.Build.0 = Release|Any CPU
	EndGlobalSection
	GlobalSection(SolutionProperties) = preSolution
		HideSolutionNode = FALSE
	EndGlobalSection
	GlobalSection(ExtensibilityGlobals) = postSolution
		SolutionGuid = {3BB9BE19-E527-4847-ADA1-9FD81EEBF683}
	EndGlobalSection
EndGlobal
